
Microsoft Visual Studio Solution File, Format Version 12.00
# Visual Studio 15
VisualStudioVersion = 15.0.27428.2015
MinimumVisualStudioVersion = 10.0.40219.1
Project("{FAE04EC0-301F-11D3-BF4B-00C04F79EFBC}") = "CStructToCSharp", "CStructToCSharp\CStructToCSharp.csproj", "{104B1405-A868-4ECF-891F-304C900C4CBE}"
EndProject
Global
	GlobalSection(SolutionConfigurationPlatforms) = preSolution
		Debug|Any CPU = Debug|Any CPU
		Release|Any CPU = Release|Any CPU
	EndGlobalSection
	GlobalSection(ProjectConfigurationPlatforms) = postSolution
		{104B1405-A868-4ECF-891F-304C900C4CBE}.Debug|Any CPU.ActiveCfg = Debug|Any CPU
		{104B1405-A868-4ECF-891F-304C900C4CBE}.Debug|Any CPU.Build.0 = Debug|Any CPU
		{104B1405-A868-4ECF-891F-304C900C4CBE}.Release|Any CPU.ActiveCfg = Release|Any CPU
		{104B1405-A868-4ECF-891F-304C900C4CBE}.Release|Any CPU.Build.0 = Release|Any CPU
	EndGlobalSection
	GlobalSection(SolutionProperties) = preSolution
		HideSolutionNode = FALSE
	EndGlobalSection
	GlobalSection(ExtensibilityGlobals) = postSolution
		SolutionGuid = {2D2D1AB4-027E-4232-B594-9BBBFEC1C2D0}
	EndGlobalSection
EndGlobal
